{
  "version": 4,
  "terraform_version": "1.2.9",
  "serial": 113,
  "lineage": "8018e141-b215-8363-4813-22bff0767974",
  "outputs": {
    "ibmcloud_api_key": {
      "value": "jy3RW3ew9MxWsxNJdJL_8kGCe1mekYUnc2pwpQvHDW0_",
      "type": "string",
      "sensitive": true
    },
    "subnet": {
      "value": "0717-ad0c144c-c1a0-44c8-9c52-00a586d47f51",
      "type": "string"
    },
    "vpc": {
      "value": "r006-01e52ddc-f7d7-468b-a601-94b2bc97ac1d",
      "type": "string"
    }
  },
  "resources": [
    {
      "mode": "managed",
      "type": "ibm_is_public_gateway",
      "name": "testacc_vpc",
      "provider": "provider[\"registry.terraform.io/ibm-cloud/ibm\"]",
      "instances": [
        {
          "schema_version": 0,
          "attributes": {
            "crn": "crn:v1:bluemix:public:is:us-south-1:a/cdefe6d99f7ea459aacb25775fb88a33::public-gateway:r006-b5de4666-722b-44e8-85ab-c9eb59942cd6",
            "floating_ip": {
              "address": "150.240.70.19",
              "id": "r006-cd2ebf17-655e-417a-967f-9c7a09d4c6c0"
            },
            "id": "r006-b5de4666-722b-44e8-85ab-c9eb59942cd6",
            "name": "testacc-vpc-public-gateway",
            "resource_controller_url": "https://cloud.ibm.com/vpc-ext/network/publicGateways",
            "resource_crn": "crn:v1:bluemix:public:is:us-south-1:a/cdefe6d99f7ea459aacb25775fb88a33::public-gateway:r006-b5de4666-722b-44e8-85ab-c9eb59942cd6",
            "resource_group": "271bbee55baf463e81cec7de47d4b219",
            "resource_group_name": "default",
            "resource_name": "testacc-vpc-public-gateway",
            "resource_status": "available",
            "status": "available",
            "tags": [],
            "timeouts": null,
            "vpc": "r006-01e52ddc-f7d7-468b-a601-94b2bc97ac1d",
            "zone": "us-south-1"
          },
          "sensitive_attributes": [],
          "private": "eyJlMmJmYjczMC1lY2FhLTExZTYtOGY4OC0zNDM2M2JjN2M0YzAiOnsiY3JlYXRlIjo2MDAwMDAwMDAwMDAsImRlbGV0ZSI6NjAwMDAwMDAwMDAwfX0=",
          "dependencies": [
            "ibm_is_vpc.testacc_vpc"
          ]
        }
      ]
    },
    {
      "mode": "managed",
      "type": "ibm_is_ssh_key",
      "name": "testacc_vpc",
      "provider": "provider[\"registry.terraform.io/ibm-cloud/ibm\"]",
      "instances": [
        {
          "schema_version": 0,
          "attributes": {
            "crn": "crn:v1:bluemix:public:is:us-south:a/cdefe6d99f7ea459aacb25775fb88a33::key:r006-fd886f3f-f78e-4152-976b-df23d1805ce0",
            "fingerprint": "SHA256:2anuSciBwYaIxLBVOkEouqTlMuqr3ChDWYpyTrdffKg",
            "id": "r006-fd886f3f-f78e-4152-976b-df23d1805ce0",
            "length": 2048,
            "name": "testacc-vpc-ssh-1",
            "public_key": "ssh-rsa AAAAB3NzaC1yc2EAAAADAQABAAABAQCfmvWzDAMQ8Kvsv0Cevc6FuktPOA7GPaHQiuxO11DKZkMrPRADeqh49Q/UsDvPHawTa8Nq/K50zaIjTm+deEsrPbCdMHGqNaMLImDOQfINlqBSxMVWuCNK9SwfPnxuOM5Np4D7O3fM9CnUCFqjA2gSfVwIFQyzsMI+KGczMsccTO7+wssHFexo6B9BOu3pRW19LqTexGMbeCSDbOGYwvnVHs7TC7IKq5T+dbTJ5N7t2JKIEx32o9gVDQpFfG5m6ZZsK/fe4/4+QrgnqmZUzhlTHNbqJkHwuX+9CVGyQELjjCQvjRPKuRDe4LqeNXJGyEuJvb1k498w6BIY0FVjMUw7",
            "resource_controller_url": "https://cloud.ibm.com/vpc-ext/compute/sshKeys",
            "resource_crn": "crn:v1:bluemix:public:is:us-south:a/cdefe6d99f7ea459aacb25775fb88a33::key:r006-fd886f3f-f78e-4152-976b-df23d1805ce0",
            "resource_group": "271bbee55baf463e81cec7de47d4b219",
            "resource_group_name": "default",
            "resource_name": "testacc-vpc-ssh-1",
            "tags": [],
            "type": "rsa"
          },
          "sensitive_attributes": [],
          "private": "bnVsbA=="
        }
      ]
    },
    {
      "mode": "managed",
      "type": "ibm_is_subnet",
      "name": "testacc_vpc",
      "provider": "provider[\"registry.terraform.io/ibm-cloud/ibm\"]",
      "instances": [
        {
          "schema_version": 0,
          "attributes": {
            "access_tags": [],
            "available_ipv4_address_count": 249,
            "crn": "crn:v1:bluemix:public:is:us-south-1:a/cdefe6d99f7ea459aacb25775fb88a33::subnet:0717-ad0c144c-c1a0-44c8-9c52-00a586d47f51",
            "id": "0717-ad0c144c-c1a0-44c8-9c52-00a586d47f51",
            "ip_version": "ipv4",
            "ipv4_cidr_block": "10.0.1.0/24",
            "name": "testacc-vpc-subnet",
            "network_acl": "r006-a9fddfc9-6669-4288-8685-f1a471c77ad5",
            "public_gateway": "",
            "resource_controller_url": "https://cloud.ibm.com/vpc-ext/network/subnets",
            "resource_crn": "crn:v1:bluemix:public:is:us-south-1:a/cdefe6d99f7ea459aacb25775fb88a33::subnet:0717-ad0c144c-c1a0-44c8-9c52-00a586d47f51",
            "resource_group": "271bbee55baf463e81cec7de47d4b219",
            "resource_group_name": "default",
            "resource_name": "testacc-vpc-subnet",
            "resource_status": "available",
            "routing_table": "r006-4a0e4cad-ed1d-4cb0-a636-1562c3140800",
            "status": "available",
            "tags": [],
            "timeouts": {
              "create": "90m",
              "delete": "30m",
              "update": null
            },
            "total_ipv4_address_count": 256,
            "vpc": "r006-01e52ddc-f7d7-468b-a601-94b2bc97ac1d",
            "zone": "us-south-1"
          },
          "sensitive_attributes": [],
          "private": "eyJlMmJmYjczMC1lY2FhLTExZTYtOGY4OC0zNDM2M2JjN2M0YzAiOnsiY3JlYXRlIjo1NDAwMDAwMDAwMDAwLCJkZWxldGUiOjE4MDAwMDAwMDAwMDAsInVwZGF0ZSI6NjAwMDAwMDAwMDAwfX0=",
          "dependencies": [
            "ibm_is_vpc.testacc_vpc",
            "ibm_is_vpc_address_prefix.testacc_vpc"
          ]
        }
      ]
    },
    {
      "mode": "managed",
      "type": "ibm_is_subnet_public_gateway_attachment",
      "name": "testacc_vpc",
      "provider": "provider[\"registry.terraform.io/ibm-cloud/ibm\"]",
      "instances": [
        {
          "schema_version": 0,
          "attributes": {
            "crn": "crn:v1:bluemix:public:is:us-south-1:a/cdefe6d99f7ea459aacb25775fb88a33::public-gateway:r006-b5de4666-722b-44e8-85ab-c9eb59942cd6",
            "floating_ip": {
              "address": "150.240.70.19",
              "id": "r006-cd2ebf17-655e-417a-967f-9c7a09d4c6c0"
            },
            "id": "0717-ad0c144c-c1a0-44c8-9c52-00a586d47f51",
            "name": "testacc-vpc-public-gateway",
            "public_gateway": "r006-b5de4666-722b-44e8-85ab-c9eb59942cd6",
            "resource_group": "271bbee55baf463e81cec7de47d4b219",
            "resource_group_name": "default",
            "resource_type": "public_gateway",
            "status": "available",
            "subnet": "0717-ad0c144c-c1a0-44c8-9c52-00a586d47f51",
            "timeouts": null,
            "vpc": "r006-01e52ddc-f7d7-468b-a601-94b2bc97ac1d",
            "zone": "us-south-1"
          },
          "sensitive_attributes": [],
          "private": "eyJlMmJmYjczMC1lY2FhLTExZTYtOGY4OC0zNDM2M2JjN2M0YzAiOnsiY3JlYXRlIjo2MDAwMDAwMDAwMDAsImRlbGV0ZSI6NjAwMDAwMDAwMDAwLCJ1cGRhdGUiOjYwMDAwMDAwMDAwMH19",
          "dependencies": [
            "ibm_is_public_gateway.testacc_vpc",
            "ibm_is_subnet.testacc_vpc",
            "ibm_is_vpc.testacc_vpc"
          ]
        }
      ]
    },
    {
      "mode": "managed",
      "type": "ibm_is_vpc",
      "name": "testacc_vpc",
      "provider": "provider[\"registry.terraform.io/ibm-cloud/ibm\"]",
      "instances": [
        {
          "schema_version": 0,
          "attributes": {
            "address_prefix_management": "auto",
            "classic_access": false,
            "crn": "crn:v1:bluemix:public:is:us-south:a/cdefe6d99f7ea459aacb25775fb88a33::vpc:r006-01e52ddc-f7d7-468b-a601-94b2bc97ac1d",
            "cse_source_addresses": [
              {
                "address": "10.12.123.60",
                "zone_name": "us-south-1"
              },
              {
                "address": "10.22.31.185",
                "zone_name": "us-south-2"
              },
              {
                "address": "10.249.83.62",
                "zone_name": "us-south-3"
              }
            ],
            "default_network_acl": "r006-a9fddfc9-6669-4288-8685-f1a471c77ad5",
            "default_network_acl_crn": "crn:v1:bluemix:public:is:us-south:a/cdefe6d99f7ea459aacb25775fb88a33::network-acl:r006-a9fddfc9-6669-4288-8685-f1a471c77ad5",
            "default_network_acl_name": "usable-manicure-naming-moonlight",
            "default_routing_table": "r006-4a0e4cad-ed1d-4cb0-a636-1562c3140800",
            "default_routing_table_name": "demilune-sizing-helping-squealing",
            "default_security_group": "r006-1c6eea7d-43d3-42fa-84ee-28f21600a944",
            "default_security_group_crn": "crn:v1:bluemix:public:is:us-south:a/cdefe6d99f7ea459aacb25775fb88a33::security-group:r006-1c6eea7d-43d3-42fa-84ee-28f21600a944",
            "default_security_group_name": "hypocrite-hydrogen-devourered-handoff",
            "id": "r006-01e52ddc-f7d7-468b-a601-94b2bc97ac1d",
            "name": "testvpc-mattokc35-754556",
            "resource_controller_url": "https://cloud.ibm.com/vpc-ext/network/vpcs",
            "resource_crn": "crn:v1:bluemix:public:is:us-south:a/cdefe6d99f7ea459aacb25775fb88a33::vpc:r006-01e52ddc-f7d7-468b-a601-94b2bc97ac1d",
            "resource_group": "271bbee55baf463e81cec7de47d4b219",
            "resource_group_name": "default",
            "resource_name": "testvpc-mattokc35-754556",
            "resource_status": "available",
            "security_group": [
              {
                "group_id": "r006-1c6eea7d-43d3-42fa-84ee-28f21600a944",
                "group_name": "hypocrite-hydrogen-devourered-handoff",
                "rules": [
                  {
                    "code": 0,
                    "direction": "outbound",
                    "ip_version": "ipv4",
                    "port_max": 0,
                    "port_min": 0,
                    "protocol": "all",
                    "remote": "0.0.0.0/0",
                    "rule_id": "r006-b254df8a-8a56-44cf-862b-0f14aff1fabd",
                    "type": 0
                  },
                  {
                    "code": 0,
                    "direction": "inbound",
                    "ip_version": "ipv4",
                    "port_max": 0,
                    "port_min": 0,
                    "protocol": "all",
                    "remote": "r006-1c6eea7d-43d3-42fa-84ee-28f21600a944",
                    "rule_id": "r006-d2c9c119-6991-4075-95e2-0527224f5284",
                    "type": 0
                  }
                ]
              }
            ],
            "status": "available",
            "subnets": [
              {
                "available_ipv4_address_count": 249,
                "id": "0717-ad0c144c-c1a0-44c8-9c52-00a586d47f51",
                "name": "testacc-vpc-subnet",
                "status": "available",
                "total_ipv4_address_count": 256,
                "zone": "us-south-1"
              }
            ],
            "tags": [],
            "timeouts": null
          },
          "sensitive_attributes": [],
          "private": "eyJlMmJmYjczMC1lY2FhLTExZTYtOGY4OC0zNDM2M2JjN2M0YzAiOnsiY3JlYXRlIjo2MDAwMDAwMDAwMDAsImRlbGV0ZSI6NjAwMDAwMDAwMDAwfX0="
        }
      ]
    },
    {
      "mode": "managed",
      "type": "ibm_is_vpc_address_prefix",
      "name": "testacc_vpc",
      "provider": "provider[\"registry.terraform.io/ibm-cloud/ibm\"]",
      "instances": [
        {
          "schema_version": 0,
          "attributes": {
            "address_prefix": "r006-d72c38c7-c775-44db-a0ad-d3e42a87b5e6",
            "cidr": "10.0.1.0/24",
            "has_subnets": true,
            "id": "r006-01e52ddc-f7d7-468b-a601-94b2bc97ac1d/r006-d72c38c7-c775-44db-a0ad-d3e42a87b5e6",
            "is_default": false,
            "name": "testacc-vpc-add-prefix",
            "related_crn": "crn:v1:bluemix:public:is:us-south:a/cdefe6d99f7ea459aacb25775fb88a33::vpc:r006-01e52ddc-f7d7-468b-a601-94b2bc97ac1d",
            "vpc": "r006-01e52ddc-f7d7-468b-a601-94b2bc97ac1d",
            "zone": "us-south-1"
          },
          "sensitive_attributes": [],
          "private": "bnVsbA==",
          "dependencies": [
            "ibm_is_vpc.testacc_vpc"
          ]
        }
      ]
    },
    {
      "mode": "managed",
      "type": "ibm_is_vpc_routing_table",
      "name": "testacc_vpc",
      "provider": "provider[\"registry.terraform.io/ibm-cloud/ibm\"]",
      "instances": [
        {
          "schema_version": 0,
          "attributes": {
            "accept_routes_from_resource_type": [],
            "created_at": "2022-10-12T17:46:32.000Z",
            "href": "https://us-south.iaas.cloud.ibm.com/v1/vpcs/r006-01e52ddc-f7d7-468b-a601-94b2bc97ac1d/routing_tables/r006-dce00cf8-4676-48b8-845a-181e6ea0a028",
            "id": "r006-01e52ddc-f7d7-468b-a601-94b2bc97ac1d/r006-dce00cf8-4676-48b8-845a-181e6ea0a028",
            "is_default": false,
            "lifecycle_state": "stable",
            "name": "testacc-vpc-routing-table",
            "resource_type": "routing_table",
            "route_direct_link_ingress": false,
            "route_transit_gateway_ingress": false,
            "route_vpc_zone_ingress": false,
            "routing_table": "r006-dce00cf8-4676-48b8-845a-181e6ea0a028",
            "subnets": [],
            "timeouts": null,
            "vpc": "r006-01e52ddc-f7d7-468b-a601-94b2bc97ac1d"
          },
          "sensitive_attributes": [],
          "private": "eyJlMmJmYjczMC1lY2FhLTExZTYtOGY4OC0zNDM2M2JjN2M0YzAiOnsiY3JlYXRlIjo2MDAwMDAwMDAwMDAsImRlbGV0ZSI6NjAwMDAwMDAwMDAwLCJ1cGRhdGUiOjYwMDAwMDAwMDAwMH19",
          "dependencies": [
            "ibm_is_vpc.testacc_vpc"
          ]
        }
      ]
    }
  ]
}
