{
  "version": 4,
  "terraform_version": "1.2.9",
  "serial": 71,
  "lineage": "8018e141-b215-8363-4813-22bff0767974",
  "outputs": {
    "primary_ipv4_address": {
      "value": "10.0.1.6",
      "type": "string"
    }
  },
  "resources": [
    {
      "mode": "managed",
      "type": "ibm_is_instance",
      "name": "testacc_vpc",
      "provider": "provider[\"registry.terraform.io/ibm-cloud/ibm\"]",
      "instances": [
        {
          "schema_version": 0,
          "attributes": {
            "action": null,
            "auto_delete_volume": null,
            "availability_policy_host_failure": "restart",
            "bandwidth": 4000,
            "boot_volume": [
              {
                "encryption": "",
                "iops": 3000,
                "name": "overcome-pony-guileless-spoilage",
                "profile": "general-purpose",
                "size": 100,
                "snapshot": "",
                "tags": [],
                "volume_id": "r006-fc8f6e8b-91e2-4b8c-a5c5-eeae6ba277a7"
              }
            ],
            "crn": "crn:v1:bluemix:public:is:us-south-1:a/cdefe6d99f7ea459aacb25775fb88a33::instance:0717_37fc95dd-b35d-45e5-8fb3-dcda4a231da7",
            "dedicated_host": null,
            "dedicated_host_group": null,
            "default_trusted_profile_auto_link": null,
            "default_trusted_profile_target": null,
            "disks": [],
            "force_action": false,
            "force_recovery_time": null,
            "gpu": [],
            "id": "0717_37fc95dd-b35d-45e5-8fb3-dcda4a231da7",
            "image": "r006-d806e4b3-ac71-4274-b4e2-8efc5bb75393",
            "instance_template": null,
            "keys": [
              "r006-29aef52c-a2cb-48e9-a44e-220b91f479d6"
            ],
            "lifecycle_reasons": [],
            "lifecycle_state": "stable",
            "memory": 8,
            "metadata_service_enabled": false,
            "name": "testacc-vpc-instance",
            "network_interfaces": [
              {
                "allow_ip_spoofing": false,
                "id": "0717-240f2b92-297a-4575-acb2-4983b181c5c7",
                "name": "eth1",
                "primary_ip": [
                  {
                    "address": "10.0.1.4",
                    "auto_delete": true,
                    "href": "https://us-south.iaas.cloud.ibm.com/v1/subnets/0717-8bbc67b7-d887-4e7a-9830-2eebeb6cc7a0/reserved_ips/0717-c985b5d2-f0b7-45f1-a1bd-6d8c4a3255af",
                    "name": "dance-unleash-aback-unfazed",
                    "reserved_ip": "0717-c985b5d2-f0b7-45f1-a1bd-6d8c4a3255af",
                    "resource_type": "subnet_reserved_ip"
                  }
                ],
                "primary_ipv4_address": "10.0.1.4",
                "security_groups": [
                  "r006-c61fee07-17d3-4647-a0b1-4be9c5c95e0b"
                ],
                "subnet": "0717-8bbc67b7-d887-4e7a-9830-2eebeb6cc7a0"
              }
            ],
            "placement_group": null,
            "placement_target": [],
            "primary_network_interface": [
              {
                "allow_ip_spoofing": true,
                "id": "0717-89e795a1-0394-435a-ad6a-da9aa673f6b9",
                "name": "dares-treat-sudden-glutenin",
                "port_speed": 1500,
                "primary_ip": [
                  {
                    "address": "10.0.1.6",
                    "auto_delete": true,
                    "href": "https://us-south.iaas.cloud.ibm.com/v1/subnets/0717-8bbc67b7-d887-4e7a-9830-2eebeb6cc7a0/reserved_ips/0717-f25a256b-880e-4779-899b-46685a379734",
                    "name": "handwrite-evaluator-repose-galore",
                    "reserved_ip": "0717-f25a256b-880e-4779-899b-46685a379734",
                    "resource_type": "subnet_reserved_ip"
                  }
                ],
                "primary_ipv4_address": "10.0.1.6",
                "security_groups": [
                  "r006-c61fee07-17d3-4647-a0b1-4be9c5c95e0b"
                ],
                "subnet": "0717-8bbc67b7-d887-4e7a-9830-2eebeb6cc7a0"
              }
            ],
            "profile": "bx2-2x8",
            "resource_controller_url": "https://cloud.ibm.com/vpc-ext/compute/vs",
            "resource_crn": "crn:v1:bluemix:public:is:us-south-1:a/cdefe6d99f7ea459aacb25775fb88a33::instance:0717_37fc95dd-b35d-45e5-8fb3-dcda4a231da7",
            "resource_group": "271bbee55baf463e81cec7de47d4b219",
            "resource_group_name": "default",
            "resource_name": "testacc-vpc-instance",
            "resource_status": "running",
            "status": "running",
            "status_reasons": [],
            "tags": [],
            "timeouts": {
              "create": "15m",
              "delete": "15m",
              "update": "15m"
            },
            "total_network_bandwidth": 3000,
            "total_volume_bandwidth": 1000,
            "user_data": null,
            "vcpu": [
              {
                "architecture": "amd64",
                "count": 2
              }
            ],
            "volume_attachments": [
              {
                "id": "0717-a1d581fe-00a0-4736-bcdb-b3a41ef12279",
                "name": "monotone-imagines-unblock-shrimp",
                "volume_crn": "crn:v1:bluemix:public:is:us-south-1:a/cdefe6d99f7ea459aacb25775fb88a33::volume:r006-fc8f6e8b-91e2-4b8c-a5c5-eeae6ba277a7",
                "volume_id": "r006-fc8f6e8b-91e2-4b8c-a5c5-eeae6ba277a7",
                "volume_name": "overcome-pony-guileless-spoilage"
              }
            ],
            "volumes": null,
            "vpc": "r006-e77a0640-c18d-4cfc-aad4-bec94439e892",
            "wait_before_delete": true,
            "zone": "us-south-1"
          },
          "sensitive_attributes": [],
          "private": "eyJlMmJmYjczMC1lY2FhLTExZTYtOGY4OC0zNDM2M2JjN2M0YzAiOnsiY3JlYXRlIjo5MDAwMDAwMDAwMDAsImRlbGV0ZSI6OTAwMDAwMDAwMDAwLCJ1cGRhdGUiOjkwMDAwMDAwMDAwMH19",
          "dependencies": [
            "ibm_is_ssh_key.testacc_vpc",
            "ibm_is_subnet.testacc_vpc",
            "ibm_is_vpc.testacc_vpc"
          ]
        }
      ]
    },
    {
      "mode": "managed",
      "type": "ibm_is_public_gateway",
      "name": "testacc_vpc",
      "provider": "provider[\"registry.terraform.io/ibm-cloud/ibm\"]",
      "instances": [
        {
          "schema_version": 0,
          "attributes": {
            "crn": "crn:v1:bluemix:public:is:us-south-1:a/cdefe6d99f7ea459aacb25775fb88a33::public-gateway:r006-0b27bea2-aec4-4a86-8b68-7932a1c1cbf7",
            "floating_ip": {
              "address": "52.118.145.39",
              "id": "r006-ce45595b-ec37-4842-b34f-000a5de8352c"
            },
            "id": "r006-0b27bea2-aec4-4a86-8b68-7932a1c1cbf7",
            "name": "testacc-vpc-public-gateway",
            "resource_controller_url": "https://cloud.ibm.com/vpc-ext/network/publicGateways",
            "resource_crn": "crn:v1:bluemix:public:is:us-south-1:a/cdefe6d99f7ea459aacb25775fb88a33::public-gateway:r006-0b27bea2-aec4-4a86-8b68-7932a1c1cbf7",
            "resource_group": "271bbee55baf463e81cec7de47d4b219",
            "resource_group_name": "default",
            "resource_name": "testacc-vpc-public-gateway",
            "resource_status": "available",
            "status": "available",
            "tags": [],
            "timeouts": null,
            "vpc": "r006-e77a0640-c18d-4cfc-aad4-bec94439e892",
            "zone": "us-south-1"
          },
          "sensitive_attributes": [],
          "private": "eyJlMmJmYjczMC1lY2FhLTExZTYtOGY4OC0zNDM2M2JjN2M0YzAiOnsiY3JlYXRlIjo2MDAwMDAwMDAwMDAsImRlbGV0ZSI6NjAwMDAwMDAwMDAwfX0=",
          "dependencies": [
            "ibm_is_vpc.testacc_vpc"
          ]
        }
      ]
    },
    {
      "mode": "managed",
      "type": "ibm_is_ssh_key",
      "name": "testacc_vpc",
      "provider": "provider[\"registry.terraform.io/ibm-cloud/ibm\"]",
      "instances": [
        {
          "schema_version": 0,
          "attributes": {
            "crn": "crn:v1:bluemix:public:is:us-south:a/cdefe6d99f7ea459aacb25775fb88a33::key:r006-29aef52c-a2cb-48e9-a44e-220b91f479d6",
            "fingerprint": "SHA256:z4SNSdcb9yrpU0aWFzrIaXftcpoK7XRUy9dnLWxbu7M",
            "id": "r006-29aef52c-a2cb-48e9-a44e-220b91f479d6",
            "length": 2048,
            "name": "testacc-vpc-ssh",
            "public_key": "ssh-rsa AAAAB3NzaC1yc2EAAAADAQABAAABAQCKVmnMOlHKcZK8tpt3MP1lqOLAcqcJzhsvJcjscgVERRN7/9484SOBJ3HSKxxNG5JN8owAjy5f9yYwcUg+JaUVuytn5Pv3aeYROHGGg+5G346xaq3DAwX6Y5ykr2fvjObgncQBnuU5KHWCECO/4h8uWuwh/kfniXPVjFToc+gnkqA+3RKpAecZhFXwfalQ9mMuYGFxn+fwn8cYEApsJbsEmb0iJwPiZ5hjFC8wREuiTlhPHDgkBLOiycd20op2nXzDbHfCHInquEe/gYxEitALONxm0swBOwJZwlTDOB7C6y2dzlrtxr1L59m7pCkWI4EtTRLvleehBoj3u7jB4usR",
            "resource_controller_url": "https://cloud.ibm.com/vpc-ext/compute/sshKeys",
            "resource_crn": "crn:v1:bluemix:public:is:us-south:a/cdefe6d99f7ea459aacb25775fb88a33::key:r006-29aef52c-a2cb-48e9-a44e-220b91f479d6",
            "resource_group": "271bbee55baf463e81cec7de47d4b219",
            "resource_group_name": "default",
            "resource_name": "testacc-vpc-ssh",
            "tags": [],
            "type": "rsa"
          },
          "sensitive_attributes": [],
          "private": "bnVsbA=="
        }
      ]
    },
    {
      "mode": "managed",
      "type": "ibm_is_subnet",
      "name": "testacc_vpc",
      "provider": "provider[\"registry.terraform.io/ibm-cloud/ibm\"]",
      "instances": [
        {
          "schema_version": 0,
          "attributes": {
            "access_tags": [],
            "available_ipv4_address_count": 251,
            "crn": "crn:v1:bluemix:public:is:us-south-1:a/cdefe6d99f7ea459aacb25775fb88a33::subnet:0717-8bbc67b7-d887-4e7a-9830-2eebeb6cc7a0",
            "id": "0717-8bbc67b7-d887-4e7a-9830-2eebeb6cc7a0",
            "ip_version": "ipv4",
            "ipv4_cidr_block": "10.0.1.0/24",
            "name": "testacc-vpc-subnet",
            "network_acl": "r006-abe4dbaa-aa5c-4a1c-a0e5-282fd6ff095d",
            "public_gateway": "r006-0b27bea2-aec4-4a86-8b68-7932a1c1cbf7",
            "resource_controller_url": "https://cloud.ibm.com/vpc-ext/network/subnets",
            "resource_crn": "crn:v1:bluemix:public:is:us-south-1:a/cdefe6d99f7ea459aacb25775fb88a33::subnet:0717-8bbc67b7-d887-4e7a-9830-2eebeb6cc7a0",
            "resource_group": "271bbee55baf463e81cec7de47d4b219",
            "resource_group_name": "default",
            "resource_name": "testacc-vpc-subnet",
            "resource_status": "available",
            "routing_table": "r006-a56fca7f-6db4-4a3d-a435-203a48134f55",
            "status": "available",
            "tags": [],
            "timeouts": {
              "create": "90m",
              "delete": "30m",
              "update": null
            },
            "total_ipv4_address_count": 256,
            "vpc": "r006-e77a0640-c18d-4cfc-aad4-bec94439e892",
            "zone": "us-south-1"
          },
          "sensitive_attributes": [],
          "private": "eyJlMmJmYjczMC1lY2FhLTExZTYtOGY4OC0zNDM2M2JjN2M0YzAiOnsiY3JlYXRlIjo1NDAwMDAwMDAwMDAwLCJkZWxldGUiOjE4MDAwMDAwMDAwMDAsInVwZGF0ZSI6NjAwMDAwMDAwMDAwfX0=",
          "dependencies": [
            "ibm_is_vpc.testacc_vpc",
            "ibm_is_vpc_address_prefix.testacc_vpc"
          ]
        }
      ]
    },
    {
      "mode": "managed",
      "type": "ibm_is_subnet_public_gateway_attachment",
      "name": "testacc_vpc",
      "provider": "provider[\"registry.terraform.io/ibm-cloud/ibm\"]",
      "instances": [
        {
          "schema_version": 0,
          "attributes": {
            "crn": "crn:v1:bluemix:public:is:us-south-1:a/cdefe6d99f7ea459aacb25775fb88a33::public-gateway:r006-0b27bea2-aec4-4a86-8b68-7932a1c1cbf7",
            "floating_ip": {
              "address": "52.118.145.39",
              "id": "r006-ce45595b-ec37-4842-b34f-000a5de8352c"
            },
            "id": "0717-8bbc67b7-d887-4e7a-9830-2eebeb6cc7a0",
            "name": "testacc-vpc-public-gateway",
            "public_gateway": "r006-0b27bea2-aec4-4a86-8b68-7932a1c1cbf7",
            "resource_group": "271bbee55baf463e81cec7de47d4b219",
            "resource_group_name": "default",
            "resource_type": "public_gateway",
            "status": "available",
            "subnet": "0717-8bbc67b7-d887-4e7a-9830-2eebeb6cc7a0",
            "timeouts": null,
            "vpc": "r006-e77a0640-c18d-4cfc-aad4-bec94439e892",
            "zone": "us-south-1"
          },
          "sensitive_attributes": [],
          "private": "eyJlMmJmYjczMC1lY2FhLTExZTYtOGY4OC0zNDM2M2JjN2M0YzAiOnsiY3JlYXRlIjo2MDAwMDAwMDAwMDAsImRlbGV0ZSI6NjAwMDAwMDAwMDAwLCJ1cGRhdGUiOjYwMDAwMDAwMDAwMH19",
          "dependencies": [
            "ibm_is_public_gateway.testacc_vpc",
            "ibm_is_subnet.testacc_vpc",
            "ibm_is_vpc.testacc_vpc",
            "ibm_is_vpc_address_prefix.testacc_vpc"
          ]
        }
      ]
    },
    {
      "mode": "managed",
      "type": "ibm_is_vpc",
      "name": "testacc_vpc",
      "provider": "provider[\"registry.terraform.io/ibm-cloud/ibm\"]",
      "instances": [
        {
          "schema_version": 0,
          "attributes": {
            "address_prefix_management": "auto",
            "classic_access": false,
            "crn": "crn:v1:bluemix:public:is:us-south:a/cdefe6d99f7ea459aacb25775fb88a33::vpc:r006-e77a0640-c18d-4cfc-aad4-bec94439e892",
            "cse_source_addresses": [
              {
                "address": "10.12.124.115",
                "zone_name": "us-south-1"
              },
              {
                "address": "10.16.245.26",
                "zone_name": "us-south-2"
              },
              {
                "address": "10.249.213.187",
                "zone_name": "us-south-3"
              }
            ],
            "default_network_acl": "r006-abe4dbaa-aa5c-4a1c-a0e5-282fd6ff095d",
            "default_network_acl_crn": "crn:v1:bluemix:public:is:us-south:a/cdefe6d99f7ea459aacb25775fb88a33::network-acl:r006-abe4dbaa-aa5c-4a1c-a0e5-282fd6ff095d",
            "default_network_acl_name": "tinsmith-reexamine-illusive-snowbound",
            "default_routing_table": "r006-a56fca7f-6db4-4a3d-a435-203a48134f55",
            "default_routing_table_name": "smoked-poppy-unfreeze-unwashed",
            "default_security_group": "r006-c61fee07-17d3-4647-a0b1-4be9c5c95e0b",
            "default_security_group_crn": "crn:v1:bluemix:public:is:us-south:a/cdefe6d99f7ea459aacb25775fb88a33::security-group:r006-c61fee07-17d3-4647-a0b1-4be9c5c95e0b",
            "default_security_group_name": "scrambled-excavator-goldfish-duo",
            "id": "r006-e77a0640-c18d-4cfc-aad4-bec94439e892",
            "name": "testvpc-mattokc35-7549",
            "resource_controller_url": "https://cloud.ibm.com/vpc-ext/network/vpcs",
            "resource_crn": "crn:v1:bluemix:public:is:us-south:a/cdefe6d99f7ea459aacb25775fb88a33::vpc:r006-e77a0640-c18d-4cfc-aad4-bec94439e892",
            "resource_group": "271bbee55baf463e81cec7de47d4b219",
            "resource_group_name": "default",
            "resource_name": "testvpc-mattokc35-7549",
            "resource_status": "available",
            "security_group": [
              {
                "group_id": "r006-c61fee07-17d3-4647-a0b1-4be9c5c95e0b",
                "group_name": "scrambled-excavator-goldfish-duo",
                "rules": [
                  {
                    "code": 0,
                    "direction": "outbound",
                    "ip_version": "ipv4",
                    "port_max": 0,
                    "port_min": 0,
                    "protocol": "all",
                    "remote": "0.0.0.0/0",
                    "rule_id": "r006-ae03995e-ce3a-4964-894d-6685fc851c19",
                    "type": 0
                  },
                  {
                    "code": 0,
                    "direction": "inbound",
                    "ip_version": "ipv4",
                    "port_max": 0,
                    "port_min": 0,
                    "protocol": "all",
                    "remote": "r006-c61fee07-17d3-4647-a0b1-4be9c5c95e0b",
                    "rule_id": "r006-e0de2436-d9d6-4d51-9fc4-2331429f5174",
                    "type": 0
                  }
                ]
              }
            ],
            "status": "available",
            "subnets": [
              {
                "available_ipv4_address_count": 251,
                "id": "0717-8bbc67b7-d887-4e7a-9830-2eebeb6cc7a0",
                "name": "testacc-vpc-subnet",
                "status": "available",
                "total_ipv4_address_count": 256,
                "zone": "us-south-1"
              }
            ],
            "tags": [],
            "timeouts": null
          },
          "sensitive_attributes": [],
          "private": "eyJlMmJmYjczMC1lY2FhLTExZTYtOGY4OC0zNDM2M2JjN2M0YzAiOnsiY3JlYXRlIjo2MDAwMDAwMDAwMDAsImRlbGV0ZSI6NjAwMDAwMDAwMDAwfX0="
        }
      ]
    },
    {
      "mode": "managed",
      "type": "ibm_is_vpc_address_prefix",
      "name": "testacc_vpc",
      "provider": "provider[\"registry.terraform.io/ibm-cloud/ibm\"]",
      "instances": [
        {
          "schema_version": 0,
          "attributes": {
            "address_prefix": "r006-3a54b72d-80b1-4faf-bf77-163e17cf26f0",
            "cidr": "10.0.1.0/24",
            "has_subnets": true,
            "id": "r006-e77a0640-c18d-4cfc-aad4-bec94439e892/r006-3a54b72d-80b1-4faf-bf77-163e17cf26f0",
            "is_default": false,
            "name": "testacc-vpc-add-prefix",
            "related_crn": "crn:v1:bluemix:public:is:us-south:a/cdefe6d99f7ea459aacb25775fb88a33::vpc:r006-e77a0640-c18d-4cfc-aad4-bec94439e892",
            "vpc": "r006-e77a0640-c18d-4cfc-aad4-bec94439e892",
            "zone": "us-south-1"
          },
          "sensitive_attributes": [],
          "private": "bnVsbA==",
          "dependencies": [
            "ibm_is_vpc.testacc_vpc"
          ]
        }
      ]
    },
    {
      "mode": "managed",
      "type": "ibm_is_vpc_routing_table",
      "name": "testacc_vpc",
      "provider": "provider[\"registry.terraform.io/ibm-cloud/ibm\"]",
      "instances": [
        {
          "schema_version": 0,
          "attributes": {
            "accept_routes_from_resource_type": [],
            "created_at": "2022-10-12T15:51:19.000Z",
            "href": "https://us-south.iaas.cloud.ibm.com/v1/vpcs/r006-e77a0640-c18d-4cfc-aad4-bec94439e892/routing_tables/r006-0ba29a72-8410-480d-a90a-a83920070ac3",
            "id": "r006-e77a0640-c18d-4cfc-aad4-bec94439e892/r006-0ba29a72-8410-480d-a90a-a83920070ac3",
            "is_default": false,
            "lifecycle_state": "stable",
            "name": "testacc-vpc-routing-table",
            "resource_type": "routing_table",
            "route_direct_link_ingress": false,
            "route_transit_gateway_ingress": false,
            "route_vpc_zone_ingress": false,
            "routing_table": "r006-0ba29a72-8410-480d-a90a-a83920070ac3",
            "subnets": [],
            "timeouts": null,
            "vpc": "r006-e77a0640-c18d-4cfc-aad4-bec94439e892"
          },
          "sensitive_attributes": [],
          "private": "eyJlMmJmYjczMC1lY2FhLTExZTYtOGY4OC0zNDM2M2JjN2M0YzAiOnsiY3JlYXRlIjo2MDAwMDAwMDAwMDAsImRlbGV0ZSI6NjAwMDAwMDAwMDAwLCJ1cGRhdGUiOjYwMDAwMDAwMDAwMH19",
          "dependencies": [
            "ibm_is_vpc.testacc_vpc"
          ]
        }
      ]
    }
  ]
}
