{
  "version": 4,
  "terraform_version": "1.2.9",
  "serial": 9,
  "lineage": "ecd0b6ce-7778-7819-c3d4-c924ee755506",
  "outputs": {
    "subnet_zone_1": {
      "value": {
        "access_tags": [],
        "available_ipv4_address_count": 251,
        "crn": "crn:v1:bluemix:public:is:us-south-1:a/cdefe6d99f7ea459aacb25775fb88a33::subnet:0717-0d67b33d-a926-4c27-b84d-892442614530",
        "id": "0717-0d67b33d-a926-4c27-b84d-892442614530",
        "ip_version": "ipv4",
        "ipv4_cidr_block": "10.0.1.0/24",
        "name": "testacc-vpc-subnet-zone-1",
        "network_acl": "r006-fb7ff878-9aa4-4f0a-80e4-679f6cf5f97f",
        "public_gateway": "",
        "resource_controller_url": "https://cloud.ibm.com/vpc-ext/network/subnets",
        "resource_crn": "crn:v1:bluemix:public:is:us-south-1:a/cdefe6d99f7ea459aacb25775fb88a33::subnet:0717-0d67b33d-a926-4c27-b84d-892442614530",
        "resource_group": "271bbee55baf463e81cec7de47d4b219",
        "resource_group_name": "default",
        "resource_name": "testacc-vpc-subnet-zone-1",
        "resource_status": "available",
        "routing_table": "r006-3e058cec-4376-4335-b914-d8a38ce14a45",
        "status": "available",
        "tags": [],
        "timeouts": {
          "create": "90m",
          "delete": "30m",
          "update": null
        },
        "total_ipv4_address_count": 256,
        "vpc": "r006-a77ab1c0-b8bf-445c-a901-e472fb1d3efb",
        "zone": "us-south-1"
      },
      "type": [
        "object",
        {
          "access_tags": [
            "set",
            "string"
          ],
          "available_ipv4_address_count": "number",
          "crn": "string",
          "id": "string",
          "ip_version": "string",
          "ipv4_cidr_block": "string",
          "name": "string",
          "network_acl": "string",
          "public_gateway": "string",
          "resource_controller_url": "string",
          "resource_crn": "string",
          "resource_group": "string",
          "resource_group_name": "string",
          "resource_name": "string",
          "resource_status": "string",
          "routing_table": "string",
          "status": "string",
          "tags": [
            "set",
            "string"
          ],
          "timeouts": [
            "object",
            {
              "create": "string",
              "delete": "string",
              "update": "string"
            }
          ],
          "total_ipv4_address_count": "number",
          "vpc": "string",
          "zone": "string"
        }
      ]
    },
    "vpc": {
      "value": "r006-a77ab1c0-b8bf-445c-a901-e472fb1d3efb",
      "type": "string"
    }
  },
  "resources": [
    {
      "mode": "managed",
      "type": "ibm_is_public_gateway",
      "name": "testacc_vpc",
      "provider": "provider[\"registry.terraform.io/ibm-cloud/ibm\"]",
      "instances": [
        {
          "schema_version": 0,
          "attributes": {
            "crn": "crn:v1:bluemix:public:is:us-south-1:a/cdefe6d99f7ea459aacb25775fb88a33::public-gateway:r006-b575964f-fc8f-4d32-a85d-9093d60a194d",
            "floating_ip": {
              "address": "52.118.149.243",
              "id": "r006-3349e3e8-25dd-43c6-805c-dd6fd6adb233"
            },
            "id": "r006-b575964f-fc8f-4d32-a85d-9093d60a194d",
            "name": "testacc-vpc-public-gateway",
            "resource_controller_url": "https://cloud.ibm.com/vpc-ext/network/publicGateways",
            "resource_crn": "crn:v1:bluemix:public:is:us-south-1:a/cdefe6d99f7ea459aacb25775fb88a33::public-gateway:r006-b575964f-fc8f-4d32-a85d-9093d60a194d",
            "resource_group": "271bbee55baf463e81cec7de47d4b219",
            "resource_group_name": "default",
            "resource_name": "testacc-vpc-public-gateway",
            "resource_status": "available",
            "status": "available",
            "tags": [],
            "timeouts": null,
            "vpc": "r006-a77ab1c0-b8bf-445c-a901-e472fb1d3efb",
            "zone": "us-south-1"
          },
          "sensitive_attributes": [],
          "private": "eyJlMmJmYjczMC1lY2FhLTExZTYtOGY4OC0zNDM2M2JjN2M0YzAiOnsiY3JlYXRlIjo2MDAwMDAwMDAwMDAsImRlbGV0ZSI6NjAwMDAwMDAwMDAwfX0=",
          "dependencies": [
            "ibm_is_vpc.testacc_vpc"
          ]
        }
      ]
    },
    {
      "mode": "managed",
      "type": "ibm_is_subnet",
      "name": "subnet_zone_1",
      "provider": "provider[\"registry.terraform.io/ibm-cloud/ibm\"]",
      "instances": [
        {
          "schema_version": 0,
          "attributes": {
            "access_tags": [],
            "available_ipv4_address_count": 251,
            "crn": "crn:v1:bluemix:public:is:us-south-1:a/cdefe6d99f7ea459aacb25775fb88a33::subnet:0717-0d67b33d-a926-4c27-b84d-892442614530",
            "id": "0717-0d67b33d-a926-4c27-b84d-892442614530",
            "ip_version": "ipv4",
            "ipv4_cidr_block": "10.0.1.0/24",
            "name": "testacc-vpc-subnet-zone-1",
            "network_acl": "r006-fb7ff878-9aa4-4f0a-80e4-679f6cf5f97f",
            "public_gateway": "",
            "resource_controller_url": "https://cloud.ibm.com/vpc-ext/network/subnets",
            "resource_crn": "crn:v1:bluemix:public:is:us-south-1:a/cdefe6d99f7ea459aacb25775fb88a33::subnet:0717-0d67b33d-a926-4c27-b84d-892442614530",
            "resource_group": "271bbee55baf463e81cec7de47d4b219",
            "resource_group_name": "default",
            "resource_name": "testacc-vpc-subnet-zone-1",
            "resource_status": "available",
            "routing_table": "r006-3e058cec-4376-4335-b914-d8a38ce14a45",
            "status": "available",
            "tags": [],
            "timeouts": {
              "create": "90m",
              "delete": "30m",
              "update": null
            },
            "total_ipv4_address_count": 256,
            "vpc": "r006-a77ab1c0-b8bf-445c-a901-e472fb1d3efb",
            "zone": "us-south-1"
          },
          "sensitive_attributes": [],
          "private": "eyJlMmJmYjczMC1lY2FhLTExZTYtOGY4OC0zNDM2M2JjN2M0YzAiOnsiY3JlYXRlIjo1NDAwMDAwMDAwMDAwLCJkZWxldGUiOjE4MDAwMDAwMDAwMDAsInVwZGF0ZSI6NjAwMDAwMDAwMDAwfX0=",
          "dependencies": [
            "ibm_is_vpc.testacc_vpc",
            "ibm_is_vpc_address_prefix.prefix1"
          ]
        }
      ]
    },
    {
      "mode": "managed",
      "type": "ibm_is_subnet_public_gateway_attachment",
      "name": "testacc_vpc",
      "provider": "provider[\"registry.terraform.io/ibm-cloud/ibm\"]",
      "instances": [
        {
          "schema_version": 0,
          "attributes": {
            "crn": "crn:v1:bluemix:public:is:us-south-1:a/cdefe6d99f7ea459aacb25775fb88a33::public-gateway:r006-b575964f-fc8f-4d32-a85d-9093d60a194d",
            "floating_ip": {
              "address": "52.118.149.243",
              "id": "r006-3349e3e8-25dd-43c6-805c-dd6fd6adb233"
            },
            "id": "0717-0d67b33d-a926-4c27-b84d-892442614530",
            "name": "testacc-vpc-public-gateway",
            "public_gateway": "r006-b575964f-fc8f-4d32-a85d-9093d60a194d",
            "resource_group": "271bbee55baf463e81cec7de47d4b219",
            "resource_group_name": "default",
            "resource_type": "public_gateway",
            "status": "available",
            "subnet": "0717-0d67b33d-a926-4c27-b84d-892442614530",
            "timeouts": null,
            "vpc": "r006-a77ab1c0-b8bf-445c-a901-e472fb1d3efb",
            "zone": "us-south-1"
          },
          "sensitive_attributes": [],
          "private": "eyJlMmJmYjczMC1lY2FhLTExZTYtOGY4OC0zNDM2M2JjN2M0YzAiOnsiY3JlYXRlIjo2MDAwMDAwMDAwMDAsImRlbGV0ZSI6NjAwMDAwMDAwMDAwLCJ1cGRhdGUiOjYwMDAwMDAwMDAwMH19",
          "dependencies": [
            "ibm_is_public_gateway.testacc_vpc",
            "ibm_is_subnet.subnet_zone_1",
            "ibm_is_vpc.testacc_vpc",
            "ibm_is_vpc_address_prefix.prefix1"
          ]
        }
      ]
    },
    {
      "mode": "managed",
      "type": "ibm_is_vpc",
      "name": "testacc_vpc",
      "provider": "provider[\"registry.terraform.io/ibm-cloud/ibm\"]",
      "instances": [
        {
          "schema_version": 0,
          "attributes": {
            "address_prefix_management": "auto",
            "classic_access": false,
            "crn": "crn:v1:bluemix:public:is:us-south:a/cdefe6d99f7ea459aacb25775fb88a33::vpc:r006-a77ab1c0-b8bf-445c-a901-e472fb1d3efb",
            "cse_source_addresses": [
              {
                "address": "10.12.123.143",
                "zone_name": "us-south-1"
              },
              {
                "address": "10.22.27.141",
                "zone_name": "us-south-2"
              },
              {
                "address": "10.22.38.157",
                "zone_name": "us-south-3"
              }
            ],
            "default_network_acl": "r006-fb7ff878-9aa4-4f0a-80e4-679f6cf5f97f",
            "default_network_acl_crn": "crn:v1:bluemix:public:is:us-south:a/cdefe6d99f7ea459aacb25775fb88a33::network-acl:r006-fb7ff878-9aa4-4f0a-80e4-679f6cf5f97f",
            "default_network_acl_name": "hunger-impound-relish-crying",
            "default_routing_table": "r006-3e058cec-4376-4335-b914-d8a38ce14a45",
            "default_routing_table_name": "yapping-uncurious-splinter-strudel",
            "default_security_group": "r006-e27faa63-bcb7-4a68-a596-209ccc3ccbb4",
            "default_security_group_crn": "crn:v1:bluemix:public:is:us-south:a/cdefe6d99f7ea459aacb25775fb88a33::security-group:r006-e27faa63-bcb7-4a68-a596-209ccc3ccbb4",
            "default_security_group_name": "mute-champion-isolation-reactive",
            "id": "r006-a77ab1c0-b8bf-445c-a901-e472fb1d3efb",
            "name": "mattokc35-vpc-2-subnets",
            "resource_controller_url": "https://cloud.ibm.com/vpc-ext/network/vpcs",
            "resource_crn": "crn:v1:bluemix:public:is:us-south:a/cdefe6d99f7ea459aacb25775fb88a33::vpc:r006-a77ab1c0-b8bf-445c-a901-e472fb1d3efb",
            "resource_group": "271bbee55baf463e81cec7de47d4b219",
            "resource_group_name": "default",
            "resource_name": "mattokc35-vpc-2-subnets",
            "resource_status": "available",
            "security_group": [
              {
                "group_id": "r006-e27faa63-bcb7-4a68-a596-209ccc3ccbb4",
                "group_name": "mute-champion-isolation-reactive",
                "rules": [
                  {
                    "code": 0,
                    "direction": "outbound",
                    "ip_version": "ipv4",
                    "port_max": 0,
                    "port_min": 0,
                    "protocol": "all",
                    "remote": "0.0.0.0/0",
                    "rule_id": "r006-c82e9f52-8f40-4d51-9cf3-a7e13e0e1a65",
                    "type": 0
                  },
                  {
                    "code": 0,
                    "direction": "inbound",
                    "ip_version": "ipv4",
                    "port_max": 0,
                    "port_min": 0,
                    "protocol": "all",
                    "remote": "r006-e27faa63-bcb7-4a68-a596-209ccc3ccbb4",
                    "rule_id": "r006-8e51491f-c36c-4da9-af0d-8de8646d8856",
                    "type": 0
                  }
                ]
              }
            ],
            "status": "available",
            "subnets": [],
            "tags": [],
            "timeouts": null
          },
          "sensitive_attributes": [],
          "private": "eyJlMmJmYjczMC1lY2FhLTExZTYtOGY4OC0zNDM2M2JjN2M0YzAiOnsiY3JlYXRlIjo2MDAwMDAwMDAwMDAsImRlbGV0ZSI6NjAwMDAwMDAwMDAwfX0="
        }
      ]
    },
    {
      "mode": "managed",
      "type": "ibm_is_vpc_address_prefix",
      "name": "prefix1",
      "provider": "provider[\"registry.terraform.io/ibm-cloud/ibm\"]",
      "instances": [
        {
          "schema_version": 0,
          "attributes": {
            "address_prefix": "r006-7424fffb-e340-457e-8b8f-2ab128ca5ff3",
            "cidr": "10.0.1.0/24",
            "has_subnets": false,
            "id": "r006-a77ab1c0-b8bf-445c-a901-e472fb1d3efb/r006-7424fffb-e340-457e-8b8f-2ab128ca5ff3",
            "is_default": false,
            "name": "testacc-vpc-add-prefix-1",
            "related_crn": "crn:v1:bluemix:public:is:us-south:a/cdefe6d99f7ea459aacb25775fb88a33::vpc:r006-a77ab1c0-b8bf-445c-a901-e472fb1d3efb",
            "vpc": "r006-a77ab1c0-b8bf-445c-a901-e472fb1d3efb",
            "zone": "us-south-1"
          },
          "sensitive_attributes": [],
          "private": "bnVsbA==",
          "dependencies": [
            "ibm_is_vpc.testacc_vpc"
          ]
        }
      ]
    },
    {
      "mode": "managed",
      "type": "ibm_is_vpc_address_prefix",
      "name": "prefix2",
      "provider": "provider[\"registry.terraform.io/ibm-cloud/ibm\"]",
      "instances": [
        {
          "schema_version": 0,
          "attributes": {
            "address_prefix": "r006-e07ea395-d9f8-4d6e-9e36-eb77b5d6bbfc",
            "cidr": "172.21.8.0/21",
            "has_subnets": false,
            "id": "r006-a77ab1c0-b8bf-445c-a901-e472fb1d3efb/r006-e07ea395-d9f8-4d6e-9e36-eb77b5d6bbfc",
            "is_default": false,
            "name": "testacc-vpc-add-prefix-2",
            "related_crn": "crn:v1:bluemix:public:is:us-south:a/cdefe6d99f7ea459aacb25775fb88a33::vpc:r006-a77ab1c0-b8bf-445c-a901-e472fb1d3efb",
            "vpc": "r006-a77ab1c0-b8bf-445c-a901-e472fb1d3efb",
            "zone": "us-south-2"
          },
          "sensitive_attributes": [],
          "private": "bnVsbA==",
          "dependencies": [
            "ibm_is_vpc.testacc_vpc"
          ]
        }
      ]
    },
    {
      "mode": "managed",
      "type": "ibm_is_vpc_routing_table",
      "name": "testacc_vpc",
      "provider": "provider[\"registry.terraform.io/ibm-cloud/ibm\"]",
      "instances": [
        {
          "schema_version": 0,
          "attributes": {
            "accept_routes_from_resource_type": [],
            "created_at": "2022-10-26T20:10:46.000Z",
            "href": "https://us-south.iaas.cloud.ibm.com/v1/vpcs/r006-a77ab1c0-b8bf-445c-a901-e472fb1d3efb/routing_tables/r006-8ea26b94-f64e-498c-97ff-6af17cf0c8ad",
            "id": "r006-a77ab1c0-b8bf-445c-a901-e472fb1d3efb/r006-8ea26b94-f64e-498c-97ff-6af17cf0c8ad",
            "is_default": false,
            "lifecycle_state": "stable",
            "name": "testacc-vpc-routing-table",
            "resource_type": "routing_table",
            "route_direct_link_ingress": false,
            "route_transit_gateway_ingress": false,
            "route_vpc_zone_ingress": false,
            "routing_table": "r006-8ea26b94-f64e-498c-97ff-6af17cf0c8ad",
            "subnets": [],
            "timeouts": null,
            "vpc": "r006-a77ab1c0-b8bf-445c-a901-e472fb1d3efb"
          },
          "sensitive_attributes": [],
          "private": "eyJlMmJmYjczMC1lY2FhLTExZTYtOGY4OC0zNDM2M2JjN2M0YzAiOnsiY3JlYXRlIjo2MDAwMDAwMDAwMDAsImRlbGV0ZSI6NjAwMDAwMDAwMDAwLCJ1cGRhdGUiOjYwMDAwMDAwMDAwMH19",
          "dependencies": [
            "ibm_is_vpc.testacc_vpc"
          ]
        }
      ]
    }
  ]
}
