{
  "version": 4,
  "terraform_version": "1.2.9",
  "serial": 57,
  "lineage": "8018e141-b215-8363-4813-22bff0767974",
  "outputs": {},
  "resources": [
    {
      "mode": "managed",
      "type": "ibm_is_public_gateway",
      "name": "testacc_vpc",
      "provider": "provider[\"registry.terraform.io/ibm-cloud/ibm\"]",
      "instances": [
        {
          "schema_version": 0,
          "attributes": {
            "crn": "crn:v1:bluemix:public:is:us-east-1:a/cdefe6d99f7ea459aacb25775fb88a33::public-gateway:r014-39455cfb-f770-4dd0-b2b0-297f69fdd112",
            "floating_ip": {
              "address": "150.239.83.172",
              "id": "r014-8a093ef5-a392-4232-aa60-d241945de919"
            },
            "id": "r014-39455cfb-f770-4dd0-b2b0-297f69fdd112",
            "name": "testacc-vpc-public-gateway",
            "resource_controller_url": "https://cloud.ibm.com/vpc-ext/network/publicGateways",
            "resource_crn": "crn:v1:bluemix:public:is:us-east-1:a/cdefe6d99f7ea459aacb25775fb88a33::public-gateway:r014-39455cfb-f770-4dd0-b2b0-297f69fdd112",
            "resource_group": "271bbee55baf463e81cec7de47d4b219",
            "resource_group_name": "default",
            "resource_name": "testacc-vpc-public-gateway",
            "resource_status": "available",
            "status": "available",
            "tags": [],
            "timeouts": null,
            "vpc": "r014-3c99b8da-ae60-4f56-b58a-114dac458f69",
            "zone": "us-east-1"
          },
          "sensitive_attributes": [],
          "private": "eyJlMmJmYjczMC1lY2FhLTExZTYtOGY4OC0zNDM2M2JjN2M0YzAiOnsiY3JlYXRlIjo2MDAwMDAwMDAwMDAsImRlbGV0ZSI6NjAwMDAwMDAwMDAwfX0=",
          "dependencies": [
            "ibm_is_vpc.testacc_vpc"
          ]
        }
      ]
    },
    {
      "mode": "managed",
      "type": "ibm_is_subnet",
      "name": "testacc_vpc",
      "provider": "provider[\"registry.terraform.io/ibm-cloud/ibm\"]",
      "instances": [
        {
          "schema_version": 0,
          "attributes": {
            "access_tags": [],
            "available_ipv4_address_count": 251,
            "crn": "crn:v1:bluemix:public:is:us-east-1:a/cdefe6d99f7ea459aacb25775fb88a33::subnet:0757-da38359c-5a1a-4440-837a-b92e2c044084",
            "id": "0757-da38359c-5a1a-4440-837a-b92e2c044084",
            "ip_version": "ipv4",
            "ipv4_cidr_block": "10.0.1.0/24",
            "name": "testacc-vpc-subnet",
            "network_acl": "r014-65469d19-0e23-41f9-8013-6521b89e8a24",
            "public_gateway": "",
            "resource_controller_url": "https://cloud.ibm.com/vpc-ext/network/subnets",
            "resource_crn": "crn:v1:bluemix:public:is:us-east-1:a/cdefe6d99f7ea459aacb25775fb88a33::subnet:0757-da38359c-5a1a-4440-837a-b92e2c044084",
            "resource_group": "271bbee55baf463e81cec7de47d4b219",
            "resource_group_name": "default",
            "resource_name": "testacc-vpc-subnet",
            "resource_status": "available",
            "routing_table": "r014-80aabff0-eb31-4b3f-ab6d-340cac715dea",
            "status": "available",
            "tags": [],
            "timeouts": {
              "create": "90m",
              "delete": "30m",
              "update": null
            },
            "total_ipv4_address_count": 256,
            "vpc": "r014-3c99b8da-ae60-4f56-b58a-114dac458f69",
            "zone": "us-east-1"
          },
          "sensitive_attributes": [],
          "private": "eyJlMmJmYjczMC1lY2FhLTExZTYtOGY4OC0zNDM2M2JjN2M0YzAiOnsiY3JlYXRlIjo1NDAwMDAwMDAwMDAwLCJkZWxldGUiOjE4MDAwMDAwMDAwMDAsInVwZGF0ZSI6NjAwMDAwMDAwMDAwfX0=",
          "dependencies": [
            "ibm_is_vpc.testacc_vpc",
            "ibm_is_vpc_address_prefix.testacc_vpc"
          ]
        }
      ]
    },
    {
      "mode": "managed",
      "type": "ibm_is_subnet_public_gateway_attachment",
      "name": "testacc_vpc",
      "provider": "provider[\"registry.terraform.io/ibm-cloud/ibm\"]",
      "instances": [
        {
          "schema_version": 0,
          "attributes": {
            "crn": "crn:v1:bluemix:public:is:us-east-1:a/cdefe6d99f7ea459aacb25775fb88a33::public-gateway:r014-39455cfb-f770-4dd0-b2b0-297f69fdd112",
            "floating_ip": {
              "address": "150.239.83.172",
              "id": "r014-8a093ef5-a392-4232-aa60-d241945de919"
            },
            "id": "0757-da38359c-5a1a-4440-837a-b92e2c044084",
            "name": "testacc-vpc-public-gateway",
            "public_gateway": "r014-39455cfb-f770-4dd0-b2b0-297f69fdd112",
            "resource_group": "271bbee55baf463e81cec7de47d4b219",
            "resource_group_name": "default",
            "resource_type": "public_gateway",
            "status": "available",
            "subnet": "0757-da38359c-5a1a-4440-837a-b92e2c044084",
            "timeouts": null,
            "vpc": "r014-3c99b8da-ae60-4f56-b58a-114dac458f69",
            "zone": "us-east-1"
          },
          "sensitive_attributes": [],
          "private": "eyJlMmJmYjczMC1lY2FhLTExZTYtOGY4OC0zNDM2M2JjN2M0YzAiOnsiY3JlYXRlIjo2MDAwMDAwMDAwMDAsImRlbGV0ZSI6NjAwMDAwMDAwMDAwLCJ1cGRhdGUiOjYwMDAwMDAwMDAwMH19",
          "dependencies": [
            "ibm_is_public_gateway.testacc_vpc",
            "ibm_is_subnet.testacc_vpc",
            "ibm_is_vpc.testacc_vpc",
            "ibm_is_vpc_address_prefix.testacc_vpc"
          ]
        }
      ]
    },
    {
      "mode": "managed",
      "type": "ibm_is_vpc",
      "name": "testacc_vpc",
      "provider": "provider[\"registry.terraform.io/ibm-cloud/ibm\"]",
      "instances": [
        {
          "schema_version": 0,
          "attributes": {
            "address_prefix_management": "auto",
            "classic_access": false,
            "crn": "crn:v1:bluemix:public:is:us-east:a/cdefe6d99f7ea459aacb25775fb88a33::vpc:r014-3c99b8da-ae60-4f56-b58a-114dac458f69",
            "cse_source_addresses": [
              {
                "address": "10.22.43.219",
                "zone_name": "us-east-1"
              },
              {
                "address": "10.249.94.104",
                "zone_name": "us-east-2"
              },
              {
                "address": "10.12.118.134",
                "zone_name": "us-east-3"
              }
            ],
            "default_network_acl": "r014-65469d19-0e23-41f9-8013-6521b89e8a24",
            "default_network_acl_crn": "crn:v1:bluemix:public:is:us-east:a/cdefe6d99f7ea459aacb25775fb88a33::network-acl:r014-65469d19-0e23-41f9-8013-6521b89e8a24",
            "default_network_acl_name": "tricycle-slander-rabid-gulp",
            "default_routing_table": "r014-80aabff0-eb31-4b3f-ab6d-340cac715dea",
            "default_routing_table_name": "shallow-democracy-smite-outright",
            "default_security_group": "r014-eb707b16-52c2-46ec-8df2-856798ec1df1",
            "default_security_group_crn": "crn:v1:bluemix:public:is:us-east:a/cdefe6d99f7ea459aacb25775fb88a33::security-group:r014-eb707b16-52c2-46ec-8df2-856798ec1df1",
            "default_security_group_name": "thread-borough-pox-kiln",
            "id": "r014-3c99b8da-ae60-4f56-b58a-114dac458f69",
            "name": "testvpc-mattokc35",
            "resource_controller_url": "https://cloud.ibm.com/vpc-ext/network/vpcs",
            "resource_crn": "crn:v1:bluemix:public:is:us-east:a/cdefe6d99f7ea459aacb25775fb88a33::vpc:r014-3c99b8da-ae60-4f56-b58a-114dac458f69",
            "resource_group": "271bbee55baf463e81cec7de47d4b219",
            "resource_group_name": "default",
            "resource_name": "testvpc-mattokc35",
            "resource_status": "available",
            "security_group": [
              {
                "group_id": "r014-eb707b16-52c2-46ec-8df2-856798ec1df1",
                "group_name": "thread-borough-pox-kiln",
                "rules": [
                  {
                    "code": 0,
                    "direction": "outbound",
                    "ip_version": "ipv4",
                    "port_max": 0,
                    "port_min": 0,
                    "protocol": "all",
                    "remote": "0.0.0.0/0",
                    "rule_id": "r014-8df59f92-61e9-4b4b-90f3-52e4e999f910",
                    "type": 0
                  },
                  {
                    "code": 0,
                    "direction": "inbound",
                    "ip_version": "ipv4",
                    "port_max": 0,
                    "port_min": 0,
                    "protocol": "all",
                    "remote": "r014-eb707b16-52c2-46ec-8df2-856798ec1df1",
                    "rule_id": "r014-c755fc92-f5be-4871-86d5-340f5741a155",
                    "type": 0
                  }
                ]
              }
            ],
            "status": "available",
            "subnets": [],
            "tags": [],
            "timeouts": null
          },
          "sensitive_attributes": [],
          "private": "eyJlMmJmYjczMC1lY2FhLTExZTYtOGY4OC0zNDM2M2JjN2M0YzAiOnsiY3JlYXRlIjo2MDAwMDAwMDAwMDAsImRlbGV0ZSI6NjAwMDAwMDAwMDAwfX0="
        }
      ]
    },
    {
      "mode": "managed",
      "type": "ibm_is_vpc_address_prefix",
      "name": "testacc_vpc",
      "provider": "provider[\"registry.terraform.io/ibm-cloud/ibm\"]",
      "instances": [
        {
          "schema_version": 0,
          "attributes": {
            "address_prefix": "r014-c8d6d8da-bb0b-476d-91db-5fa2636b9be2",
            "cidr": "10.0.1.0/24",
            "has_subnets": false,
            "id": "r014-3c99b8da-ae60-4f56-b58a-114dac458f69/r014-c8d6d8da-bb0b-476d-91db-5fa2636b9be2",
            "is_default": false,
            "name": "testacc-vpc-add-prefix",
            "related_crn": "crn:v1:bluemix:public:is:us-east:a/cdefe6d99f7ea459aacb25775fb88a33::vpc:r014-3c99b8da-ae60-4f56-b58a-114dac458f69",
            "vpc": "r014-3c99b8da-ae60-4f56-b58a-114dac458f69",
            "zone": "us-east-1"
          },
          "sensitive_attributes": [],
          "private": "bnVsbA==",
          "dependencies": [
            "ibm_is_vpc.testacc_vpc"
          ]
        }
      ]
    },
    {
      "mode": "managed",
      "type": "ibm_is_vpc_routing_table",
      "name": "testacc_vpc",
      "provider": "provider[\"registry.terraform.io/ibm-cloud/ibm\"]",
      "instances": [
        {
          "schema_version": 0,
          "attributes": {
            "accept_routes_from_resource_type": [],
            "created_at": "2022-10-11T15:19:34.000Z",
            "href": "https://us-east.iaas.cloud.ibm.com/v1/vpcs/r014-3c99b8da-ae60-4f56-b58a-114dac458f69/routing_tables/r014-b9bb4b12-42db-4268-b56d-f06fc70e5485",
            "id": "r014-3c99b8da-ae60-4f56-b58a-114dac458f69/r014-b9bb4b12-42db-4268-b56d-f06fc70e5485",
            "is_default": false,
            "lifecycle_state": "stable",
            "name": "example-routing-table",
            "resource_type": "routing_table",
            "route_direct_link_ingress": false,
            "route_transit_gateway_ingress": false,
            "route_vpc_zone_ingress": false,
            "routing_table": "r014-b9bb4b12-42db-4268-b56d-f06fc70e5485",
            "subnets": [],
            "timeouts": null,
            "vpc": "r014-3c99b8da-ae60-4f56-b58a-114dac458f69"
          },
          "sensitive_attributes": [],
          "private": "eyJlMmJmYjczMC1lY2FhLTExZTYtOGY4OC0zNDM2M2JjN2M0YzAiOnsiY3JlYXRlIjo2MDAwMDAwMDAwMDAsImRlbGV0ZSI6NjAwMDAwMDAwMDAwLCJ1cGRhdGUiOjYwMDAwMDAwMDAwMH19",
          "dependencies": [
            "ibm_is_vpc.testacc_vpc"
          ]
        }
      ]
    }
  ]
}
