{
  "version": 4,
  "terraform_version": "1.2.9",
  "serial": 9,
  "lineage": "8018e141-b215-8363-4813-22bff0767974",
  "outputs": {},
  "resources": [
    {
      "mode": "managed",
      "type": "ibm_is_public_gateway",
      "name": "testacc_vpc",
      "provider": "provider[\"registry.terraform.io/ibm-cloud/ibm\"]",
      "instances": [
        {
          "schema_version": 0,
          "attributes": {
            "crn": "crn:v1:bluemix:public:is:us-south-1:a/cdefe6d99f7ea459aacb25775fb88a33::public-gateway:r006-bda0d50c-b8ca-49fb-9390-66e095297b5b",
            "floating_ip": {
              "address": "52.116.136.38",
              "id": "r006-01b640c7-2e29-4733-b516-d53c275efadf"
            },
            "id": "r006-bda0d50c-b8ca-49fb-9390-66e095297b5b",
            "name": "example-public-gateway",
            "resource_controller_url": "https://cloud.ibm.com/vpc-ext/network/publicGateways",
            "resource_crn": "crn:v1:bluemix:public:is:us-south-1:a/cdefe6d99f7ea459aacb25775fb88a33::public-gateway:r006-bda0d50c-b8ca-49fb-9390-66e095297b5b",
            "resource_group": "271bbee55baf463e81cec7de47d4b219",
            "resource_group_name": "default",
            "resource_name": "example-public-gateway",
            "resource_status": "available",
            "status": "available",
            "tags": [],
            "timeouts": null,
            "vpc": "r006-aebcff1a-8695-4d67-8267-32423cc1116d",
            "zone": "us-south-1"
          },
          "sensitive_attributes": [],
          "private": "eyJlMmJmYjczMC1lY2FhLTExZTYtOGY4OC0zNDM2M2JjN2M0YzAiOnsiY3JlYXRlIjo2MDAwMDAwMDAwMDAsImRlbGV0ZSI6NjAwMDAwMDAwMDAwfX0=",
          "dependencies": [
            "ibm_is_vpc.testacc_vpc"
          ]
        }
      ]
    },
    {
      "mode": "managed",
      "type": "ibm_is_subnet",
      "name": "testacc_vpc",
      "provider": "provider[\"registry.terraform.io/ibm-cloud/ibm\"]",
      "instances": [
        {
          "schema_version": 0,
          "attributes": {
            "access_tags": [],
            "available_ipv4_address_count": 251,
            "crn": "crn:v1:bluemix:public:is:us-south-1:a/cdefe6d99f7ea459aacb25775fb88a33::subnet:0717-5bd41901-c2cf-4d63-a5a8-8fcac99ed406",
            "id": "0717-5bd41901-c2cf-4d63-a5a8-8fcac99ed406",
            "ip_version": "ipv4",
            "ipv4_cidr_block": "10.240.0.0/24",
            "name": "example-subnet",
            "network_acl": "r006-11d3520f-ee6a-42fe-afff-ffb268d786c4",
            "public_gateway": "",
            "resource_controller_url": "https://cloud.ibm.com/vpc-ext/network/subnets",
            "resource_crn": "crn:v1:bluemix:public:is:us-south-1:a/cdefe6d99f7ea459aacb25775fb88a33::subnet:0717-5bd41901-c2cf-4d63-a5a8-8fcac99ed406",
            "resource_group": "271bbee55baf463e81cec7de47d4b219",
            "resource_group_name": "default",
            "resource_name": "example-subnet",
            "resource_status": "available",
            "routing_table": "r006-52e2bda9-7dc0-4e75-b5da-3c7341cdb768",
            "status": "available",
            "tags": [],
            "timeouts": {
              "create": "90m",
              "delete": "30m",
              "update": null
            },
            "total_ipv4_address_count": 256,
            "vpc": "r006-aebcff1a-8695-4d67-8267-32423cc1116d",
            "zone": "us-south-1"
          },
          "sensitive_attributes": [],
          "private": "eyJlMmJmYjczMC1lY2FhLTExZTYtOGY4OC0zNDM2M2JjN2M0YzAiOnsiY3JlYXRlIjo1NDAwMDAwMDAwMDAwLCJkZWxldGUiOjE4MDAwMDAwMDAwMDAsInVwZGF0ZSI6NjAwMDAwMDAwMDAwfX0=",
          "dependencies": [
            "ibm_is_vpc.testacc_vpc",
            "ibm_is_vpc_routing_table.testacc_vpc"
          ]
        }
      ]
    },
    {
      "mode": "managed",
      "type": "ibm_is_subnet_public_gateway_attachment",
      "name": "testacc_vpc",
      "provider": "provider[\"registry.terraform.io/ibm-cloud/ibm\"]",
      "instances": [
        {
          "schema_version": 0,
          "attributes": {
            "crn": "crn:v1:bluemix:public:is:us-south-1:a/cdefe6d99f7ea459aacb25775fb88a33::public-gateway:r006-bda0d50c-b8ca-49fb-9390-66e095297b5b",
            "floating_ip": {
              "address": "52.116.136.38",
              "id": "r006-01b640c7-2e29-4733-b516-d53c275efadf"
            },
            "id": "0717-5bd41901-c2cf-4d63-a5a8-8fcac99ed406",
            "name": "example-public-gateway",
            "public_gateway": "r006-bda0d50c-b8ca-49fb-9390-66e095297b5b",
            "resource_group": "271bbee55baf463e81cec7de47d4b219",
            "resource_group_name": "default",
            "resource_type": "public_gateway",
            "status": "available",
            "subnet": "0717-5bd41901-c2cf-4d63-a5a8-8fcac99ed406",
            "timeouts": null,
            "vpc": "r006-aebcff1a-8695-4d67-8267-32423cc1116d",
            "zone": "us-south-1"
          },
          "sensitive_attributes": [],
          "private": "eyJlMmJmYjczMC1lY2FhLTExZTYtOGY4OC0zNDM2M2JjN2M0YzAiOnsiY3JlYXRlIjo2MDAwMDAwMDAwMDAsImRlbGV0ZSI6NjAwMDAwMDAwMDAwLCJ1cGRhdGUiOjYwMDAwMDAwMDAwMH19",
          "dependencies": [
            "ibm_is_public_gateway.testacc_vpc",
            "ibm_is_subnet.testacc_vpc",
            "ibm_is_vpc.testacc_vpc"
          ]
        }
      ]
    },
    {
      "mode": "managed",
      "type": "ibm_is_vpc",
      "name": "testacc_vpc",
      "provider": "provider[\"registry.terraform.io/ibm-cloud/ibm\"]",
      "instances": [
        {
          "schema_version": 0,
          "attributes": {
            "address_prefix_management": "auto",
            "classic_access": false,
            "crn": "crn:v1:bluemix:public:is:us-south:a/cdefe6d99f7ea459aacb25775fb88a33::vpc:r006-aebcff1a-8695-4d67-8267-32423cc1116d",
            "cse_source_addresses": [
              {
                "address": "10.12.123.87",
                "zone_name": "us-south-1"
              },
              {
                "address": "10.16.242.144",
                "zone_name": "us-south-2"
              },
              {
                "address": "10.16.254.174",
                "zone_name": "us-south-3"
              }
            ],
            "default_network_acl": "r006-11d3520f-ee6a-42fe-afff-ffb268d786c4",
            "default_network_acl_crn": "crn:v1:bluemix:public:is:us-south:a/cdefe6d99f7ea459aacb25775fb88a33::network-acl:r006-11d3520f-ee6a-42fe-afff-ffb268d786c4",
            "default_network_acl_name": "repaying-dividend-trunks-cymbal",
            "default_routing_table": "r006-98353708-6f05-445e-94a5-ca399e59f535",
            "default_routing_table_name": "riverbank-jaybird-almanac-jugum",
            "default_security_group": "r006-260ed7cb-9481-4dcc-a0db-011cf6f33c27",
            "default_security_group_crn": "crn:v1:bluemix:public:is:us-south:a/cdefe6d99f7ea459aacb25775fb88a33::security-group:r006-260ed7cb-9481-4dcc-a0db-011cf6f33c27",
            "default_security_group_name": "nationality-backlog-hanky-anytime",
            "id": "r006-aebcff1a-8695-4d67-8267-32423cc1116d",
            "name": "test-vpc",
            "resource_controller_url": "https://cloud.ibm.com/vpc-ext/network/vpcs",
            "resource_crn": "crn:v1:bluemix:public:is:us-south:a/cdefe6d99f7ea459aacb25775fb88a33::vpc:r006-aebcff1a-8695-4d67-8267-32423cc1116d",
            "resource_group": "271bbee55baf463e81cec7de47d4b219",
            "resource_group_name": "default",
            "resource_name": "test-vpc",
            "resource_status": "available",
            "security_group": [
              {
                "group_id": "r006-260ed7cb-9481-4dcc-a0db-011cf6f33c27",
                "group_name": "nationality-backlog-hanky-anytime",
                "rules": [
                  {
                    "code": 0,
                    "direction": "outbound",
                    "ip_version": "ipv4",
                    "port_max": 0,
                    "port_min": 0,
                    "protocol": "all",
                    "remote": "0.0.0.0/0",
                    "rule_id": "r006-328bdd47-8408-41ef-8286-140815afffff",
                    "type": 0
                  },
                  {
                    "code": 0,
                    "direction": "inbound",
                    "ip_version": "ipv4",
                    "port_max": 0,
                    "port_min": 0,
                    "protocol": "all",
                    "remote": "r006-260ed7cb-9481-4dcc-a0db-011cf6f33c27",
                    "rule_id": "r006-2bc63cfb-d0a8-4476-81d8-566236a04a10",
                    "type": 0
                  }
                ]
              }
            ],
            "status": "available",
            "subnets": [
              {
                "available_ipv4_address_count": 251,
                "id": "0717-5bd41901-c2cf-4d63-a5a8-8fcac99ed406",
                "name": "example-subnet",
                "status": "available",
                "total_ipv4_address_count": 256,
                "zone": "us-south-1"
              }
            ],
            "tags": [],
            "timeouts": null
          },
          "sensitive_attributes": [],
          "private": "eyJlMmJmYjczMC1lY2FhLTExZTYtOGY4OC0zNDM2M2JjN2M0YzAiOnsiY3JlYXRlIjo2MDAwMDAwMDAwMDAsImRlbGV0ZSI6NjAwMDAwMDAwMDAwfX0="
        }
      ]
    },
    {
      "mode": "managed",
      "type": "ibm_is_vpc_routing_table",
      "name": "testacc_vpc",
      "provider": "provider[\"registry.terraform.io/ibm-cloud/ibm\"]",
      "instances": [
        {
          "schema_version": 0,
          "attributes": {
            "accept_routes_from_resource_type": [],
            "created_at": "2022-10-10T20:16:10.000Z",
            "href": "https://us-south.iaas.cloud.ibm.com/v1/vpcs/r006-aebcff1a-8695-4d67-8267-32423cc1116d/routing_tables/r006-52e2bda9-7dc0-4e75-b5da-3c7341cdb768",
            "id": "r006-aebcff1a-8695-4d67-8267-32423cc1116d/r006-52e2bda9-7dc0-4e75-b5da-3c7341cdb768",
            "is_default": false,
            "lifecycle_state": "stable",
            "name": "example-routing-table",
            "resource_type": "routing_table",
            "route_direct_link_ingress": false,
            "route_transit_gateway_ingress": false,
            "route_vpc_zone_ingress": false,
            "routing_table": "r006-52e2bda9-7dc0-4e75-b5da-3c7341cdb768",
            "subnets": [
              {
                "id": "0717-5bd41901-c2cf-4d63-a5a8-8fcac99ed406",
                "name": "example-subnet"
              }
            ],
            "timeouts": null,
            "vpc": "r006-aebcff1a-8695-4d67-8267-32423cc1116d"
          },
          "sensitive_attributes": [],
          "private": "eyJlMmJmYjczMC1lY2FhLTExZTYtOGY4OC0zNDM2M2JjN2M0YzAiOnsiY3JlYXRlIjo2MDAwMDAwMDAwMDAsImRlbGV0ZSI6NjAwMDAwMDAwMDAwLCJ1cGRhdGUiOjYwMDAwMDAwMDAwMH19",
          "dependencies": [
            "ibm_is_vpc.testacc_vpc"
          ]
        }
      ]
    }
  ]
}
